<?xml version="1.0" encoding="utf-8"?>
<Project ToolsVersion="4.0" xmlns="http://schemas.microsoft.com/developer/msbuild/2003">
  <ItemGroup>
    <Filter Include="Framework">
      <UniqueIdentifier>{4FC737F1-C7A5-4376-A066-2A32D752A2FF}</UniqueIdentifier>
      <Extensions>cpp;c;cc;cxx;c++;def;odl;idl;hpj;bat;asm;asmx</Extensions>
    </Filter>
    <Filter Include="Gameplay">
      <UniqueIdentifier>{30eb836d-9a18-4215-9060-68bcf622fbb4}</UniqueIdentifier>
    </Filter>
    <Filter Include="Data">
      <UniqueIdentifier>{c6fc2a56-0fc3-442b-878b-33e46dba0b3d}</UniqueIdentifier>
    </Filter>
    <Filter Include="Data\Shaders">
      <UniqueIdentifier>{38b83c8c-5905-4f0d-ae53-63e33aea64b3}</UniqueIdentifier>
    </Filter>
    <Filter Include="Data\XML">
      <UniqueIdentifier>{d04179d9-dc89-45ae-bd6d-cdc28eb072e1}</UniqueIdentifier>
    </Filter>
    <Filter Include="Gameplay\Definitions">
      <UniqueIdentifier>{d6ec53c4-d68d-4cd1-82a7-3a01091194c4}</UniqueIdentifier>
    </Filter>
  </ItemGroup>
  <ItemGroup>
    <ClCompile Include="Main_Windows.cpp">
      <Filter>Framework</Filter>
    </ClCompile>
    <ClCompile Include="App.cpp">
      <Filter>Framework</Filter>
    </ClCompile>
    <ClCompile Include="GameCommon.cpp">
      <Filter>Framework</Filter>
    </ClCompile>
    <ClCompile Include="Player.cpp">
      <Filter>Gameplay</Filter>
    </ClCompile>
    <ClCompile Include="Object.cpp">
      <Filter>Framework</Filter>
    </ClCompile>
    <ClCompile Include="Game.cpp">
      <Filter>Gameplay</Filter>
    </ClCompile>
    <ClCompile Include="GameInit.cpp">
      <Filter>Gameplay</Filter>
    </ClCompile>
    <ClCompile Include="GameUI.cpp">
      <Filter>Gameplay</Filter>
    </ClCompile>
    <ClCompile Include="Definitions\LightConfigurations.cpp">
      <Filter>Gameplay\Definitions</Filter>
    </ClCompile>
    <ClCompile Include="Definitions\SceneSetting.cpp">
      <Filter>Gameplay\Definitions</Filter>
    </ClCompile>
    <ClCompile Include="FBXSceneObject.cpp">
      <Filter>Gameplay</Filter>
    </ClCompile>
  </ItemGroup>
  <ItemGroup>
    <ClInclude Include="App.hpp">
      <Filter>Framework</Filter>
    </ClInclude>
    <ClInclude Include="GameCommon.hpp">
      <Filter>Framework</Filter>
    </ClInclude>
    <ClInclude Include="EngineBuildPreferences.hpp">
      <Filter>Framework</Filter>
    </ClInclude>
    <ClInclude Include="Player.hpp">
      <Filter>Gameplay</Filter>
    </ClInclude>
    <ClInclude Include="Object.hpp">
      <Filter>Framework</Filter>
    </ClInclude>
    <ClInclude Include="Game.hpp">
      <Filter>Gameplay</Filter>
    </ClInclude>
    <ClInclude Include="Definitions\LightConfigurations.hpp">
      <Filter>Gameplay\Definitions</Filter>
    </ClInclude>
    <ClInclude Include="Definitions\SceneSetting.hpp">
      <Filter>Gameplay\Definitions</Filter>
    </ClInclude>
    <ClInclude Include="FBXSceneObject.hpp">
      <Filter>Gameplay</Filter>
    </ClInclude>
  </ItemGroup>
  <ItemGroup>
    <Text Include="..\..\Run\Data\InputFiles\Hello.txt">
      <Filter>Data</Filter>
    </Text>
  </ItemGroup>
  <ItemGroup>
    <FxCompile Include="..\..\Run\Data\Shaders\BlinnPhong.hlsl">
      <Filter>Data\Shaders</Filter>
    </FxCompile>
    <FxCompile Include="..\..\Run\Data\Shaders\BlinnPhongConstantBuffers.hlsl">
      <Filter>Data\Shaders</Filter>
    </FxCompile>
    <FxCompile Include="..\..\Run\Data\Shaders\BlinnPhongFunctionLib.hlsl">
      <Filter>Data\Shaders</Filter>
    </FxCompile>
    <FxCompile Include="..\..\Run\Data\Shaders\Default.hlsl">
      <Filter>Data\Shaders</Filter>
    </FxCompile>
    <FxCompile Include="..\..\Run\Data\Shaders\FixedTriangle.hlsl">
      <Filter>Data\Shaders</Filter>
    </FxCompile>
    <FxCompile Include="..\..\Run\Data\Shaders\LightDepthBuffer.hlsl">
      <Filter>Data\Shaders</Filter>
    </FxCompile>
    <FxCompile Include="..\..\Run\Data\Shaders\DepthBufferRender.hlsl">
      <Filter>Data\Shaders</Filter>
    </FxCompile>
    <FxCompile Include="..\..\Run\Data\Shaders\BlinnPhongModels.hlsl">
      <Filter>Data\Shaders</Filter>
    </FxCompile>
    <FxCompile Include="..\..\Run\Data\Shaders\Skybox.hlsl">
      <Filter>Data\Shaders</Filter>
    </FxCompile>
  </ItemGroup>
  <ItemGroup>
    <Xml Include="..\..\Run\Data\XML\SceneSetting.xml">
      <Filter>Data\XML</Filter>
    </Xml>
    <Xml Include="..\..\Run\Data\XML\LightConfigurations.xml">
      <Filter>Data\XML</Filter>
    </Xml>
  </ItemGroup>
</Project>